
Microsoft Visual Studio Solution File, Format Version 12.00
# Visual Studio Version 17
VisualStudioVersion = 17.10.35027.167
MinimumVisualStudioVersion = 10.0.40219.1
Project("{9A19103F-16F7-4668-BE54-9A1E7A4F7556}") = "Serilog.Elk.POC", "Serilog.Elk.POC\Serilog.Elk.POC.csproj", "{726FC082-6646-4BF4-B81F-FFF472CB9ACB}"
EndProject
Project("{2150E333-8FDC-42A3-9474-1A3956D46DE8}") = "tests", "tests", "{7B4DF414-76DC-42C9-980E-B0B6A47383A3}"
EndProject
Project("{2150E333-8FDC-42A3-9474-1A3956D46DE8}") = "src", "src", "{512AB18B-532E-4124-92A2-F1A3B8B3F262}"
EndProject
Project("{2150E333-8FDC-42A3-9474-1A3956D46DE8}") = "IntegrationTests", "IntegrationTests", "{14D29970-DD54-494E-9148-5C706D4C556A}"
EndProject
Project("{FAE04EC0-301F-11D3-BF4B-00C04F79EFBC}") = "Api.Tests", "tests\IntegrationTests\Api.Tests\Api.Tests.csproj", "{DA42080C-12A6-4907-91DD-EEAF7BCB8C6A}"
EndProject
Global
	GlobalSection(SolutionConfigurationPlatforms) = preSolution
		Debug|Any CPU = Debug|Any CPU
		Release|Any CPU = Release|Any CPU
	EndGlobalSection
	GlobalSection(ProjectConfigurationPlatforms) = postSolution
		{726FC082-6646-4BF4-B81F-FFF472CB9ACB}.Debug|Any CPU.ActiveCfg = Debug|Any CPU
		{726FC082-6646-4BF4-B81F-FFF472CB9ACB}.Debug|Any CPU.Build.0 = Debug|Any CPU
		{726FC082-6646-4BF4-B81F-FFF472CB9ACB}.Release|Any CPU.ActiveCfg = Release|Any CPU
		{726FC082-6646-4BF4-B81F-FFF472CB9ACB}.Release|Any CPU.Build.0 = Release|Any CPU
		{DA42080C-12A6-4907-91DD-EEAF7BCB8C6A}.Debug|Any CPU.ActiveCfg = Debug|Any CPU
		{DA42080C-12A6-4907-91DD-EEAF7BCB8C6A}.Debug|Any CPU.Build.0 = Debug|Any CPU
		{DA42080C-12A6-4907-91DD-EEAF7BCB8C6A}.Release|Any CPU.ActiveCfg = Release|Any CPU
		{DA42080C-12A6-4907-91DD-EEAF7BCB8C6A}.Release|Any CPU.Build.0 = Release|Any CPU
	EndGlobalSection
	GlobalSection(SolutionProperties) = preSolution
		HideSolutionNode = FALSE
	EndGlobalSection
	GlobalSection(NestedProjects) = preSolution
		{726FC082-6646-4BF4-B81F-FFF472CB9ACB} = {512AB18B-532E-4124-92A2-F1A3B8B3F262}
		{14D29970-DD54-494E-9148-5C706D4C556A} = {7B4DF414-76DC-42C9-980E-B0B6A47383A3}
		{DA42080C-12A6-4907-91DD-EEAF7BCB8C6A} = {14D29970-DD54-494E-9148-5C706D4C556A}
	EndGlobalSection
	GlobalSection(ExtensibilityGlobals) = postSolution
		SolutionGuid = {5DDE286B-9DF4-4545-A9AE-E041363930F9}
	EndGlobalSection
EndGlobal
